
Microsoft Visual Studio Solution File, Format Version 12.00
# Visual Studio Version 17
VisualStudioVersion = 17.9.34607.119
MinimumVisualStudioVersion = 10.0.40219.1
Project("{9A19103F-16F7-4668-BE54-9A1E7A4F7556}") = "GerenciamentoZoologico", "Zoologico\GerenciamentoZoologico\GerenciamentoZoologico.csproj", "{B869A114-6CF9-4A90-B393-99282C69341E}"
EndProject
Project("{2150E333-8FDC-42A3-9474-1A3956D46DE8}") = "Zoologico", "Zoologico", "{701A5929-8420-4821-98C7-FD89C0989B2A}"
EndProject
Project("{2150E333-8FDC-42A3-9474-1A3956D46DE8}") = "Biblioteca", "Biblioteca", "{0C1EE2EB-AF59-4856-81DD-F2F087FCA929}"
EndProject
Project("{FAE04EC0-301F-11D3-BF4B-00C04F79EFBC}") = "GerenciamentoBiblioteca", "Biblioteca\GerenciamentoBiblioteca\GerenciamentoBiblioteca.csproj", "{0132F7AD-B405-4E0C-90C1-3E04CC5E1FCD}"
EndProject
Global
	GlobalSection(SolutionConfigurationPlatforms) = preSolution
		Debug|Any CPU = Debug|Any CPU
		Release|Any CPU = Release|Any CPU
	EndGlobalSection
	GlobalSection(ProjectConfigurationPlatforms) = postSolution
		{B869A114-6CF9-4A90-B393-99282C69341E}.Debug|Any CPU.ActiveCfg = Debug|Any CPU
		{B869A114-6CF9-4A90-B393-99282C69341E}.Debug|Any CPU.Build.0 = Debug|Any CPU
		{B869A114-6CF9-4A90-B393-99282C69341E}.Release|Any CPU.ActiveCfg = Release|Any CPU
		{B869A114-6CF9-4A90-B393-99282C69341E}.Release|Any CPU.Build.0 = Release|Any CPU
		{0132F7AD-B405-4E0C-90C1-3E04CC5E1FCD}.Debug|Any CPU.ActiveCfg = Debug|Any CPU
		{0132F7AD-B405-4E0C-90C1-3E04CC5E1FCD}.Debug|Any CPU.Build.0 = Debug|Any CPU
		{0132F7AD-B405-4E0C-90C1-3E04CC5E1FCD}.Release|Any CPU.ActiveCfg = Release|Any CPU
		{0132F7AD-B405-4E0C-90C1-3E04CC5E1FCD}.Release|Any CPU.Build.0 = Release|Any CPU
	EndGlobalSection
	GlobalSection(SolutionProperties) = preSolution
		HideSolutionNode = FALSE
	EndGlobalSection
	GlobalSection(NestedProjects) = preSolution
		{B869A114-6CF9-4A90-B393-99282C69341E} = {701A5929-8420-4821-98C7-FD89C0989B2A}
		{0132F7AD-B405-4E0C-90C1-3E04CC5E1FCD} = {0C1EE2EB-AF59-4856-81DD-F2F087FCA929}
	EndGlobalSection
	GlobalSection(ExtensibilityGlobals) = postSolution
		SolutionGuid = {AFE77A4F-356F-4E64-B1CC-167514292557}
	EndGlobalSection
EndGlobal
